<?xml version="1.0" encoding="utf-8"?>
<Project ToolsVersion="4.0" xmlns="http://schemas.microsoft.com/developer/msbuild/2003">
  <ItemGroup>
    <Filter Include="Source Files">
      <UniqueIdentifier>{4FC737F1-C7A5-4376-A066-2A32D752A2FF}</UniqueIdentifier>
      <Extensions>cpp;c;cc;cxx;c++;def;odl;idl;hpj;bat;asm;asmx</Extensions>
    </Filter>
    <Filter Include="Header Files">
      <UniqueIdentifier>{93995380-89BD-4b04-88EB-625FBE52EBFB}</UniqueIdentifier>
      <Extensions>h;hh;hpp;hxx;h++;hm;inl;inc;ipp;xsd</Extensions>
    </Filter>
    <Filter Include="Resource Files">
      <UniqueIdentifier>{67DA6AB6-F800-4c08-8B7A-83BB121AAD01}</UniqueIdentifier>
      <Extensions>rc;ico;cur;bmp;dlg;rc2;rct;bin;rgs;gif;jpg;jpeg;jpe;resx;tiff;tif;png;wav;mfcribbon-ms</Extensions>
    </Filter>
  </ItemGroup>
  <ItemGroup>
    <ClCompile Include="..\..\joe-zyc\cs246-watopoly\coopfee.cpp">
      <Filter>Source Files</Filter>
    </ClCompile>
    <ClCompile Include="..\..\joe-zyc\cs246-watopoly\goosenesting.cpp">
      <Filter>Source Files</Filter>
    </ClCompile>
    <ClCompile Include="..\..\joe-zyc\cs246-watopoly\gototims.cpp">
      <Filter>Source Files</Filter>
    </ClCompile>
    <ClCompile Include="..\..\joe-zyc\cs246-watopoly\gym.cpp">
      <Filter>Source Files</Filter>
    </ClCompile>
    <ClCompile Include="..\..\joe-zyc\cs246-watopoly\main.cc">
      <Filter>Source Files</Filter>
    </ClCompile>
    <ClCompile Include="..\..\joe-zyc\cs246-watopoly\monopolyblock.cpp">
      <Filter>Source Files</Filter>
    </ClCompile>
    <ClCompile Include="..\..\joe-zyc\cs246-watopoly\nh.cpp">
      <Filter>Source Files</Filter>
    </ClCompile>
    <ClCompile Include="..\..\joe-zyc\cs246-watopoly\nonproperty.cpp">
      <Filter>Source Files</Filter>
    </ClCompile>
    <ClCompile Include="..\..\joe-zyc\cs246-watopoly\osap.cpp">
      <Filter>Source Files</Filter>
    </ClCompile>
    <ClCompile Include="..\..\joe-zyc\cs246-watopoly\player.cc">
      <Filter>Source Files</Filter>
    </ClCompile>
    <ClCompile Include="..\..\joe-zyc\cs246-watopoly\property.cpp">
      <Filter>Source Files</Filter>
    </ClCompile>
    <ClCompile Include="..\..\joe-zyc\cs246-watopoly\residence.cpp">
      <Filter>Source Files</Filter>
    </ClCompile>
    <ClCompile Include="..\..\joe-zyc\cs246-watopoly\slc.cpp">
      <Filter>Source Files</Filter>
    </ClCompile>
    <ClCompile Include="..\..\joe-zyc\cs246-watopoly\square.cpp">
      <Filter>Source Files</Filter>
    </ClCompile>
    <ClCompile Include="..\..\joe-zyc\cs246-watopoly\test.cc">
      <Filter>Source Files</Filter>
    </ClCompile>
    <ClCompile Include="..\..\joe-zyc\cs246-watopoly\timsline.cpp">
      <Filter>Source Files</Filter>
    </ClCompile>
    <ClCompile Include="..\..\joe-zyc\cs246-watopoly\tuition.cpp">
      <Filter>Source Files</Filter>
    </ClCompile>
    <ClCompile Include="..\..\joe-zyc\cs246-watopoly\upgradable.cpp">
      <Filter>Source Files</Filter>
    </ClCompile>
    <ClCompile Include="..\..\joe-zyc\cs246-watopoly\board.cpp">
      <Filter>Source Files</Filter>
    </ClCompile>
  </ItemGroup>
  <ItemGroup>
    <ClInclude Include="..\..\joe-zyc\cs246-watopoly\timsline.h">
      <Filter>Header Files</Filter>
    </ClInclude>
    <ClInclude Include="..\..\joe-zyc\cs246-watopoly\tuition.h">
      <Filter>Header Files</Filter>
    </ClInclude>
    <ClInclude Include="..\..\joe-zyc\cs246-watopoly\upgradable.h">
      <Filter>Header Files</Filter>
    </ClInclude>
    <ClInclude Include="..\..\joe-zyc\cs246-watopoly\board.h">
      <Filter>Header Files</Filter>
    </ClInclude>
    <ClInclude Include="..\..\joe-zyc\cs246-watopoly\coopfee.h">
      <Filter>Header Files</Filter>
    </ClInclude>
    <ClInclude Include="..\..\joe-zyc\cs246-watopoly\goosenesting.h">
      <Filter>Header Files</Filter>
    </ClInclude>
    <ClInclude Include="..\..\joe-zyc\cs246-watopoly\gototims.h">
      <Filter>Header Files</Filter>
    </ClInclude>
    <ClInclude Include="..\..\joe-zyc\cs246-watopoly\gym.h">
      <Filter>Header Files</Filter>
    </ClInclude>
    <ClInclude Include="..\..\joe-zyc\cs246-watopoly\monopolyblock.h">
      <Filter>Header Files</Filter>
    </ClInclude>
    <ClInclude Include="..\..\joe-zyc\cs246-watopoly\nh.h">
      <Filter>Header Files</Filter>
    </ClInclude>
    <ClInclude Include="..\..\joe-zyc\cs246-watopoly\nonproperty.h">
      <Filter>Header Files</Filter>
    </ClInclude>
    <ClInclude Include="..\..\joe-zyc\cs246-watopoly\osap.h">
      <Filter>Header Files</Filter>
    </ClInclude>
    <ClInclude Include="..\..\joe-zyc\cs246-watopoly\player.h">
      <Filter>Header Files</Filter>
    </ClInclude>
    <ClInclude Include="..\..\joe-zyc\cs246-watopoly\property.h">
      <Filter>Header Files</Filter>
    </ClInclude>
    <ClInclude Include="..\..\joe-zyc\cs246-watopoly\residence.h">
      <Filter>Header Files</Filter>
    </ClInclude>
    <ClInclude Include="..\..\joe-zyc\cs246-watopoly\slc.h">
      <Filter>Header Files</Filter>
    </ClInclude>
    <ClInclude Include="..\..\joe-zyc\cs246-watopoly\square.h">
      <Filter>Header Files</Filter>
    </ClInclude>
    <ClInclude Include="..\..\joe-zyc\cs246-watopoly\test.h">
      <Filter>Header Files</Filter>
    </ClInclude>
  </ItemGroup>
</Project>